
Microsoft Visual Studio Solution File, Format Version 12.00
# Visual Studio Version 17
VisualStudioVersion = 17.4.33213.308
MinimumVisualStudioVersion = 10.0.40219.1
Project("{C9674DCB-5085-4A16-B785-4C70DD1589BD}") = "ek_dugan_p1_export", "ek_dugan_p1_export.dtproj", "{AB9B2080-1D5C-443C-A165-7A7A8424C993}"
EndProject
Global
	GlobalSection(SolutionConfigurationPlatforms) = preSolution
		Development|Default = Development|Default
	EndGlobalSection
	GlobalSection(ProjectConfigurationPlatforms) = postSolution
		{AB9B2080-1D5C-443C-A165-7A7A8424C993}.Development|Default.ActiveCfg = Development
		{AB9B2080-1D5C-443C-A165-7A7A8424C993}.Development|Default.Build.0 = Development
	EndGlobalSection
	GlobalSection(SolutionProperties) = preSolution
		HideSolutionNode = FALSE
	EndGlobalSection
	GlobalSection(ExtensibilityGlobals) = postSolution
		SolutionGuid = {8946938C-95F0-4834-8E7F-3AE3FCD9C661}
	EndGlobalSection
EndGlobal
