
Microsoft Visual Studio Solution File, Format Version 12.00
# Visual Studio 15
VisualStudioVersion = 15.0.28307.106
MinimumVisualStudioVersion = 10.0.40219.1
Project("{00D1A9C2-B5F0-4AF3-8072-F6C62B433612}") = "phclaims", "phclaims.sqlproj", "{F61B238A-B781-4A05-9F96-53A70F53BAB5}"
EndProject
Global
	GlobalSection(SolutionConfigurationPlatforms) = preSolution
		Debug|Any CPU = Debug|Any CPU
		Release|Any CPU = Release|Any CPU
	EndGlobalSection
	GlobalSection(ProjectConfigurationPlatforms) = postSolution
		{F61B238A-B781-4A05-9F96-53A70F53BAB5}.Debug|Any CPU.ActiveCfg = Debug|Any CPU
		{F61B238A-B781-4A05-9F96-53A70F53BAB5}.Debug|Any CPU.Build.0 = Debug|Any CPU
		{F61B238A-B781-4A05-9F96-53A70F53BAB5}.Debug|Any CPU.Deploy.0 = Debug|Any CPU
		{F61B238A-B781-4A05-9F96-53A70F53BAB5}.Release|Any CPU.ActiveCfg = Release|Any CPU
		{F61B238A-B781-4A05-9F96-53A70F53BAB5}.Release|Any CPU.Build.0 = Release|Any CPU
		{F61B238A-B781-4A05-9F96-53A70F53BAB5}.Release|Any CPU.Deploy.0 = Release|Any CPU
	EndGlobalSection
	GlobalSection(SolutionProperties) = preSolution
		HideSolutionNode = FALSE
	EndGlobalSection
	GlobalSection(ExtensibilityGlobals) = postSolution
		SolutionGuid = {98F5283D-D48F-405E-8EAC-D6428E0A378B}
	EndGlobalSection
EndGlobal
